// !$*UTF8*$!
{
	archiveVersion = 1;
	classes = {
	};
	objectVersion = 56;
	objects = {

/* Begin PBXBuildFile section */
		939B72692955EE7500EABF09 /* AppDelegate.swift in Sources */ = {isa = PBXBuildFile; fileRef = 939B72682955EE7500EABF09 /* AppDelegate.swift */; };
		939B726B2955EE7500EABF09 /* SceneDelegate.swift in Sources */ = {isa = PBXBuildFile; fileRef = 939B726A2955EE7500EABF09 /* SceneDelegate.swift */; };
		939B726D2955EE7500EABF09 /* ViewController.swift in Sources */ = {isa = PBXBuildFile; fileRef = 939B726C2955EE7500EABF09 /* ViewController.swift */; };
		939B72702955EE7500EABF09 /* Main.storyboard in Resources */ = {isa = PBXBuildFile; fileRef = 939B726E2955EE7500EABF09 /* Main.storyboard */; };
		939B72722955EE7600EABF09 /* Assets.xcassets in Resources */ = {isa = PBXBuildFile; fileRef = 939B72712955EE7600EABF09 /* Assets.xcassets */; };
		939B72752955EE7600EABF09 /* LaunchScreen.storyboard in Resources */ = {isa = PBXBuildFile; fileRef = 939B72732955EE7600EABF09 /* LaunchScreen.storyboard */; };
		939B727D2955EE9200EABF09 /* ChildViewController.swift in Sources */ = {isa = PBXBuildFile; fileRef = 939B727C2955EE9200EABF09 /* ChildViewController.swift */; };
		F05762F02988A963002FF9A7 /* ChildTwoViewController.swift in Sources */ = {isa = PBXBuildFile; fileRef = F05762EF2988A963002FF9A7 /* ChildTwoViewController.swift */; };
/* End PBXBuildFile section */

/* Begin PBXFileReference section */
		939B72652955EE7500EABF09 /* DefinesPresentationContext.app */ = {isa = PBXFileReference; explicitFileType = wrapper.application; includeInIndex = 0; path = DefinesPresentationContext.app; sourceTree = BUILT_PRODUCTS_DIR; };
		939B72682955EE7500EABF09 /* AppDelegate.swift */ = {isa = PBXFileReference; lastKnownFileType = sourcecode.swift; path = AppDelegate.swift; sourceTree = "<group>"; };
		939B726A2955EE7500EABF09 /* SceneDelegate.swift */ = {isa = PBXFileReference; lastKnownFileType = sourcecode.swift; path = SceneDelegate.swift; sourceTree = "<group>"; };
		939B726C2955EE7500EABF09 /* ViewController.swift */ = {isa = PBXFileReference; lastKnownFileType = sourcecode.swift; path = ViewController.swift; sourceTree = "<group>"; };
		939B726F2955EE7500EABF09 /* Base */ = {isa = PBXFileReference; lastKnownFileType = file.storyboard; name = Base; path = Base.lproj/Main.storyboard; sourceTree = "<group>"; };
		939B72712955EE7600EABF09 /* Assets.xcassets */ = {isa = PBXFileReference; lastKnownFileType = folder.assetcatalog; path = Assets.xcassets; sourceTree = "<group>"; };
		939B72742955EE7600EABF09 /* Base */ = {isa = PBXFileReference; lastKnownFileType = file.storyboard; name = Base; path = Base.lproj/LaunchScreen.storyboard; sourceTree = "<group>"; };
		939B72762955EE7600EABF09 /* Info.plist */ = {isa = PBXFileReference; lastKnownFileType = text.plist.xml; path = Info.plist; sourceTree = "<group>"; };
		939B727C2955EE9200EABF09 /* ChildViewController.swift */ = {isa = PBXFileReference; fileEncoding = 4; lastKnownFileType = sourcecode.swift; path = ChildViewController.swift; sourceTree = "<group>"; };
		F05762EF2988A963002FF9A7 /* ChildTwoViewController.swift */ = {isa = PBXFileReference; lastKnownFileType = sourcecode.swift; path = ChildTwoViewController.swift; sourceTree = "<group>"; };
/* End PBXFileReference section */

/* Begin PBXFrameworksBuildPhase section */
		939B72622955EE7500EABF09 /* Frameworks */ = {
			isa = PBXFrameworksBuildPhase;
			buildActionMask = 2147483647;
			files = (
			);
			runOnlyForDeploymentPostprocessing = 0;
		};
/* End PBXFrameworksBuildPhase section */

/* Begin PBXGroup section */
		939B725C2955EE7500EABF09 = {
			isa = PBXGroup;
			children = (
				939B72672955EE7500EABF09 /* DefinesPresentationContext */,
				939B72662955EE7500EABF09 /* Products */,
			);
			sourceTree = "<group>";
		};
		939B72662955EE7500EABF09 /* Products */ = {
			isa = PBXGroup;
			children = (
				939B72652955EE7500EABF09 /* DefinesPresentationContext.app */,
			);
			name = Products;
			sourceTree = "<group>";
		};
		939B72672955EE7500EABF09 /* DefinesPresentationContext */ = {
			isa = PBXGroup;
			children = (
				939B72682955EE7500EABF09 /* AppDelegate.swift */,
				939B726A2955EE7500EABF09 /* SceneDelegate.swift */,
				939B726C2955EE7500EABF09 /* ViewController.swift */,
				F05762EF2988A963002FF9A7 /* ChildTwoViewController.swift */,
				939B727C2955EE9200EABF09 /* ChildViewController.swift */,
				939B726E2955EE7500EABF09 /* Main.storyboard */,
				939B72712955EE7600EABF09 /* Assets.xcassets */,
				939B72732955EE7600EABF09 /* LaunchScreen.storyboard */,
				939B72762955EE7600EABF09 /* Info.plist */,
			);
			path = DefinesPresentationContext;
			sourceTree = "<group>";
		};
/* End PBXGroup section */

/* Begin PBXNativeTarget section */
		939B72642955EE7500EABF09 /* DefinesPresentationContext */ = {
			isa = PBXNativeTarget;
			buildConfigurationList = 939B72792955EE7600EABF09 /* Build configuration list for PBXNativeTarget "DefinesPresentationContext" */;
			buildPhases = (
				939B72612955EE7500EABF09 /* Sources */,
				939B72622955EE7500EABF09 /* Frameworks */,
				939B72632955EE7500EABF09 /* Resources */,
			);
			buildRules = (
			);
			dependencies = (
			);
			name = DefinesPresentationContext;
			productName = DefinesPresentationContext;
			productReference = 939B72652955EE7500EABF09 /* DefinesPresentationContext.app */;
			productType = "com.apple.product-type.application";
		};
/* End PBXNativeTarget section */

/* Begin PBXProject section */
		939B725D2955EE7500EABF09 /* Project object */ = {
			isa = PBXProject;
			attributes = {
				BuildIndependentTargetsInParallel = 1;
				LastSwiftUpdateCheck = 1410;
				LastUpgradeCheck = 1410;
				TargetAttributes = {
					939B72642955EE7500EABF09 = {
						CreatedOnToolsVersion = 14.1;
					};
				};
			};
			buildConfigurationList = 939B72602955EE7500EABF09 /* Build configuration list for PBXProject "DefinesPresentationContext" */;
			compatibilityVersion = "Xcode 14.0";
			developmentRegion = en;
			hasScannedForEncodings = 0;
			knownRegions = (
				en,
				Base,
			);
			mainGroup = 939B725C2955EE7500EABF09;
			productRefGroup = 939B72662955EE7500EABF09 /* Products */;
			projectDirPath = "";
			projectRoot = "";
			targets = (
				939B72642955EE7500EABF09 /* DefinesPresentationContext */,
			);
		};
/* End PBXProject section */

/* Begin PBXResourcesBuildPhase section */
		939B72632955EE7500EABF09 /* Resources */ = {
			isa = PBXResourcesBuildPhase;
			buildActionMask = 2147483647;
			files = (
				939B72752955EE7600EABF09 /* LaunchScreen.storyboard in Resources */,
				939B72722955EE7600EABF09 /* Assets.xcassets in Resources */,
				939B72702955EE7500EABF09 /* Main.storyboard in Resources */,
			);
			runOnlyForDeploymentPostprocessing = 0;
		};
/* End PBXResourcesBuildPhase section */

/* Begin PBXSourcesBuildPhase section */
		939B72612955EE7500EABF09 /* Sources */ = {
			isa = PBXSourcesBuildPhase;
			buildActionMask = 2147483647;
			files = (
				939B726D2955EE7500EABF09 /* ViewController.swift in Sources */,
				939B72692955EE7500EABF09 /* AppDelegate.swift in Sources */,
				939B726B2955EE7500EABF09 /* SceneDelegate.swift in Sources */,
				F05762F02988A963002FF9A7 /* ChildTwoViewController.swift in Sources */,
				939B727D2955EE9200EABF09 /* ChildViewController.swift in Sources */,
			);
			runOnlyForDeploymentPostprocessing = 0;
		};
/* End PBXSourcesBuildPhase section */

/* Begin PBXVariantGroup section */
		939B726E2955EE7500EABF09 /* Main.storyboard */ = {
			isa = PBXVariantGroup;
			children = (
				939B726F2955EE7500EABF09 /* Base */,
			);
			name = Main.storyboard;
			sourceTree = "<group>";
		};
		939B72732955EE7600EABF09 /* LaunchScreen.storyboard */ = {
			isa = PBXVariantGroup;
			children = (
				939B72742955EE7600EABF09 /* Base */,
			);
			name = LaunchScreen.storyboard;
			sourceTree = "<group>";
		};
/* End PBXVariantGroup section */

/* Begin XCBuildConfiguration section */
		939B72772955EE7600EABF09 /* Debug */ = {
			isa = XCBuildConfiguration;
			buildSettings = {
				ALWAYS_SEARCH_USER_PATHS = NO;
				CLANG_ANALYZER_NONNULL = YES;
				CLANG_ANALYZER_NUMBER_OBJECT_CONVERSION = YES_AGGRESSIVE;
				CLANG_CXX_LANGUAGE_STANDARD = "gnu++20";
				CLANG_ENABLE_MODULES = YES;
				CLANG_ENABLE_OBJC_ARC = YES;
				CLANG_ENABLE_OBJC_WEAK = YES;
				CLANG_WARN_BLOCK_CAPTURE_AUTORELEASING = YES;
				CLANG_WARN_BOOL_CONVERSION = YES;
				CLANG_WARN_COMMA = YES;
				CLANG_WARN_CONSTANT_CONVERSION = YES;
				CLANG_WARN_DEPRECATED_OBJC_IMPLEMENTATIONS = YES;
				CLANG_WARN_DIRECT_OBJC_ISA_USAGE = YES_ERROR;
				CLANG_WARN_DOCUMENTATION_COMMENTS = YES;
				CLANG_WARN_EMPTY_BODY = YES;
				CLANG_WARN_ENUM_CONVERSION = YES;
				CLANG_WARN_INFINITE_RECURSION = YES;
				CLANG_WARN_INT_CONVERSION = YES;
				CLANG_WARN_NON_LITERAL_NULL_CONVERSION = YES;
				CLANG_WARN_OBJC_IMPLICIT_RETAIN_SELF = YES;
				CLANG_WARN_OBJC_LITERAL_CONVERSION = YES;
				CLANG_WARN_OBJC_ROOT_CLASS = YES_ERROR;
				CLANG_WARN_QUOTED_INCLUDE_IN_FRAMEWORK_HEADER = YES;
				CLANG_WARN_RANGE_LOOP_ANALYSIS = YES;
				CLANG_WARN_STRICT_PROTOTYPES = YES;
				CLANG_WARN_SUSPICIOUS_MOVE = YES;
				CLANG_WARN_UNGUARDED_AVAILABILITY = YES_AGGRESSIVE;
				CLANG_WARN_UNREACHABLE_CODE = YES;
				CLANG_WARN__DUPLICATE_METHOD_MATCH = YES;
				COPY_PHASE_STRIP = NO;
				DEBUG_INFORMATION_FORMAT = dwarf;
				ENABLE_STRICT_OBJC_MSGSEND = YES;
				ENABLE_TESTABILITY = YES;
				GCC_C_LANGUAGE_STANDARD = gnu11;
				GCC_DYNAMIC_NO_PIC = NO;
				GCC_NO_COMMON_BLOCKS = YES;
				GCC_OPTIMIZATION_LEVEL = 0;
				GCC_PREPROCESSOR_DEFINITIONS = (
					"DEBUG=1",
					"$(inherited)",
				);
				GCC_WARN_64_TO_32_BIT_CONVERSION = YES;
				GCC_WARN_ABOUT_RETURN_TYPE = YES_ERROR;
				GCC_WARN_UNDECLARED_SELECTOR = YES;
				GCC_WARN_UNINITIALIZED_AUTOS = YES_AGGRESSIVE;
				GCC_WARN_UNUSED_FUNCTION = YES;
				GCC_WARN_UNUSED_VARIABLE = YES;
				IPHONEOS_DEPLOYMENT_TARGET = 16.1;
				MTL_ENABLE_DEBUG_INFO = INCLUDE_SOURCE;
				MTL_FAST_MATH = YES;
				ONLY_ACTIVE_ARCH = YES;
				SDKROOT = iphoneos;
				SWIFT_ACTIVE_COMPILATION_CONDITIONS = DEBUG;
				SWIFT_OPTIMIZATION_LEVEL = "-Onone";
			};
			name = Debug;
		};
		939B72782955EE7600EABF09 /* Release */ = {
			isa = XCBuildConfiguration;
			buildSettings = {
				ALWAYS_SEARCH_USER_PATHS = NO;
				CLANG_ANALYZER_NONNULL = YES;
				CLANG_ANALYZER_NUMBER_OBJECT_CONVERSION = YES_AGGRESSIVE;
				CLANG_CXX_LANGUAGE_STANDARD = "gnu++20";
				CLANG_ENABLE_MODULES = YES;
				CLANG_ENABLE_OBJC_ARC = YES;
				CLANG_ENABLE_OBJC_WEAK = YES;
				CLANG_WARN_BLOCK_CAPTURE_AUTORELEASING = YES;
				CLANG_WARN_BOOL_CONVERSION = YES;
				CLANG_WARN_COMMA = YES;
				CLANG_WARN_CONSTANT_CONVERSION = YES;
				CLANG_WARN_DEPRECATED_OBJC_IMPLEMENTATIONS = YES;
				CLANG_WARN_DIRECT_OBJC_ISA_USAGE = YES_ERROR;
				CLANG_WARN_DOCUMENTATION_COMMENTS = YES;
				CLANG_WARN_EMPTY_BODY = YES;
				CLANG_WARN_ENUM_CONVERSION = YES;
				CLANG_WARN_INFINITE_RECURSION = YES;
				CLANG_WARN_INT_CONVERSION = YES;
				CLANG_WARN_NON_LITERAL_NULL_CONVERSION = YES;
				CLANG_WARN_OBJC_IMPLICIT_RETAIN_SELF = YES;
				CLANG_WARN_OBJC_LITERAL_CONVERSION = YES;
				CLANG_WARN_OBJC_ROOT_CLASS = YES_ERROR;
				CLANG_WARN_QUOTED_INCLUDE_IN_FRAMEWORK_HEADER = YES;
				CLANG_WARN_RANGE_LOOP_ANALYSIS = YES;
				CLANG_WARN_STRICT_PROTOTYPES = YES;
				CLANG_WARN_SUSPICIOUS_MOVE = YES;
				CLANG_WARN_UNGUARDED_AVAILABILITY = YES_AGGRESSIVE;
				CLANG_WARN_UNREACHABLE_CODE = YES;
				CLANG_WARN__DUPLICATE_METHOD_MATCH = YES;
				COPY_PHASE_STRIP = NO;
				DEBUG_INFORMATION_FORMAT = "dwarf-with-dsym";
				ENABLE_NS_ASSERTIONS = NO;
				ENABLE_STRICT_OBJC_MSGSEND = YES;
				GCC_C_LANGUAGE_STANDARD = gnu11;
				GCC_NO_COMMON_BLOCKS = YES;
				GCC_WARN_64_TO_32_BIT_CONVERSION = YES;
				GCC_WARN_ABOUT_RETURN_TYPE = YES_ERROR;
				GCC_WARN_UNDECLARED_SELECTOR = YES;
				GCC_WARN_UNINITIALIZED_AUTOS = YES_AGGRESSIVE;
				GCC_WARN_UNUSED_FUNCTION = YES;
				GCC_WARN_UNUSED_VARIABLE = YES;
				IPHONEOS_DEPLOYMENT_TARGET = 16.1;
				MTL_ENABLE_DEBUG_INFO = NO;
				MTL_FAST_MATH = YES;
				SDKROOT = iphoneos;
				SWIFT_COMPILATION_MODE = wholemodule;
				SWIFT_OPTIMIZATION_LEVEL = "-O";
				VALIDATE_PRODUCT = YES;
			};
			name = Release;
		};
		939B727A2955EE7600EABF09 /* Debug */ = {
			isa = XCBuildConfiguration;
			buildSettings = {
				ASSETCATALOG_COMPILER_APPICON_NAME = AppIcon;
				ASSETCATALOG_COMPILER_GLOBAL_ACCENT_COLOR_NAME = AccentColor;
				CODE_SIGN_STYLE = Automatic;
				CURRENT_PROJECT_VERSION = 1;
				GENERATE_INFOPLIST_FILE = YES;
				INFOPLIST_FILE = DefinesPresentationContext/Info.plist;
				INFOPLIST_KEY_UIApplicationSupportsIndirectInputEvents = YES;
				INFOPLIST_KEY_UILaunchStoryboardName = LaunchScreen;
				INFOPLIST_KEY_UIMainStoryboardFile = Main;
				INFOPLIST_KEY_UISupportedInterfaceOrientations_iPad = "UIInterfaceOrientationPortrait UIInterfaceOrientationPortraitUpsideDown UIInterfaceOrientationLandscapeLeft UIInterfaceOrientationLandscapeRight";
				INFOPLIST_KEY_UISupportedInterfaceOrientations_iPhone = "UIInterfaceOrientationPortrait UIInterfaceOrientationLandscapeLeft UIInterfaceOrientationLandscapeRight";
				LD_RUNPATH_SEARCH_PATHS = (
					"$(inherited)",
					"@executable_path/Frameworks",
				);
				MARKETING_VERSION = 1.0;
				PRODUCT_BUNDLE_IDENTIFIER = com.geek1706.DefinesPresentationContext;
				PRODUCT_NAME = "$(TARGET_NAME)";
				SWIFT_EMIT_LOC_STRINGS = YES;
				SWIFT_VERSION = 5.0;
				TARGETED_DEVICE_FAMILY = "1,2";
			};
			name = Debug;
		};
		939B727B2955EE7600EABF09 /* Release */ = {
			isa = XCBuildConfiguration;
			buildSettings = {
				ASSETCATALOG_COMPILER_APPICON_NAME = AppIcon;
				ASSETCATALOG_COMPILER_GLOBAL_ACCENT_COLOR_NAME = AccentColor;
				CODE_SIGN_STYLE = Automatic;
				CURRENT_PROJECT_VERSION = 1;
				GENERATE_INFOPLIST_FILE = YES;
				INFOPLIST_FILE = DefinesPresentationContext/Info.plist;
				INFOPLIST_KEY_UIApplicationSupportsIndirectInputEvents = YES;
				INFOPLIST_KEY_UILaunchStoryboardName = LaunchScreen;
				INFOPLIST_KEY_UIMainStoryboardFile = Main;
				INFOPLIST_KEY_UISupportedInterfaceOrientations_iPad = "UIInterfaceOrientationPortrait UIInterfaceOrientationPortraitUpsideDown UIInterfaceOrientationLandscapeLeft UIInterfaceOrientationLandscapeRight";
				INFOPLIST_KEY_UISupportedInterfaceOrientations_iPhone = "UIInterfaceOrientationPortrait UIInterfaceOrientationLandscapeLeft UIInterfaceOrientationLandscapeRight";
				LD_RUNPATH_SEARCH_PATHS = (
					"$(inherited)",
					"@executable_path/Frameworks",
				);
				MARKETING_VERSION = 1.0;
				PRODUCT_BUNDLE_IDENTIFIER = com.geek1706.DefinesPresentationContext;
				PRODUCT_NAME = "$(TARGET_NAME)";
				SWIFT_EMIT_LOC_STRINGS = YES;
				SWIFT_VERSION = 5.0;
				TARGETED_DEVICE_FAMILY = "1,2";
			};
			name = Release;
		};
/* End XCBuildConfiguration section */

/* Begin XCConfigurationList section */
		939B72602955EE7500EABF09 /* Build configuration list for PBXProject "DefinesPresentationContext" */ = {
			isa = XCConfigurationList;
			buildConfigurations = (
				939B72772955EE7600EABF09 /* Debug */,
				939B72782955EE7600EABF09 /* Release */,
			);
			defaultConfigurationIsVisible = 0;
			defaultConfigurationName = Release;
		};
		939B72792955EE7600EABF09 /* Build configuration list for PBXNativeTarget "DefinesPresentationContext" */ = {
			isa = XCConfigurationList;
			buildConfigurations = (
				939B727A2955EE7600EABF09 /* Debug */,
				939B727B2955EE7600EABF09 /* Release */,
			);
			defaultConfigurationIsVisible = 0;
			defaultConfigurationName = Release;
		};
/* End XCConfigurationList section */
	};
	rootObject = 939B725D2955EE7500EABF09 /* Project object */;
}
